
Microsoft Visual Studio Solution File, Format Version 12.00
# Visual Studio Version 17
VisualStudioVersion = 17.1.32228.430
MinimumVisualStudioVersion = 10.0.40219.1
Project("{FAE04EC0-301F-11D3-BF4B-00C04F79EFBC}") = "RRHH.Api", "RRHH.Api\RRHH.Api.csproj", "{F0A46C74-E0C6-4E25-9DC1-6A1BB0F7906B}"
EndProject
Project("{FAE04EC0-301F-11D3-BF4B-00C04F79EFBC}") = "RRHH.Core", "RRHH.Core\RRHH.Core.csproj", "{C0DC15B2-BDEF-43D2-B54F-5392DE32EC06}"
EndProject
Project("{FAE04EC0-301F-11D3-BF4B-00C04F79EFBC}") = "RRHH.Infraestructura", "RRHH.Infraestructura\RRHH.Infraestructura.csproj", "{81CB4B44-EE0D-4A27-A1D5-AC3AC40DC853}"
EndProject
Global
	GlobalSection(SolutionConfigurationPlatforms) = preSolution
		Debug|Any CPU = Debug|Any CPU
		Release|Any CPU = Release|Any CPU
	EndGlobalSection
	GlobalSection(ProjectConfigurationPlatforms) = postSolution
		{F0A46C74-E0C6-4E25-9DC1-6A1BB0F7906B}.Debug|Any CPU.ActiveCfg = Debug|Any CPU
		{F0A46C74-E0C6-4E25-9DC1-6A1BB0F7906B}.Debug|Any CPU.Build.0 = Debug|Any CPU
		{F0A46C74-E0C6-4E25-9DC1-6A1BB0F7906B}.Release|Any CPU.ActiveCfg = Release|Any CPU
		{F0A46C74-E0C6-4E25-9DC1-6A1BB0F7906B}.Release|Any CPU.Build.0 = Release|Any CPU
		{C0DC15B2-BDEF-43D2-B54F-5392DE32EC06}.Debug|Any CPU.ActiveCfg = Debug|Any CPU
		{C0DC15B2-BDEF-43D2-B54F-5392DE32EC06}.Debug|Any CPU.Build.0 = Debug|Any CPU
		{C0DC15B2-BDEF-43D2-B54F-5392DE32EC06}.Release|Any CPU.ActiveCfg = Release|Any CPU
		{C0DC15B2-BDEF-43D2-B54F-5392DE32EC06}.Release|Any CPU.Build.0 = Release|Any CPU
		{81CB4B44-EE0D-4A27-A1D5-AC3AC40DC853}.Debug|Any CPU.ActiveCfg = Debug|Any CPU
		{81CB4B44-EE0D-4A27-A1D5-AC3AC40DC853}.Debug|Any CPU.Build.0 = Debug|Any CPU
		{81CB4B44-EE0D-4A27-A1D5-AC3AC40DC853}.Release|Any CPU.ActiveCfg = Release|Any CPU
		{81CB4B44-EE0D-4A27-A1D5-AC3AC40DC853}.Release|Any CPU.Build.0 = Release|Any CPU
	EndGlobalSection
	GlobalSection(SolutionProperties) = preSolution
		HideSolutionNode = FALSE
	EndGlobalSection
	GlobalSection(ExtensibilityGlobals) = postSolution
		SolutionGuid = {018C816C-870C-4669-9269-4D70600DF456}
	EndGlobalSection
EndGlobal
